
Microsoft Visual Studio Solution File, Format Version 12.00
# Visual Studio Version 16
VisualStudioVersion = 16.0.30320.27
MinimumVisualStudioVersion = 10.0.40219.1
Project("{FAE04EC0-301F-11D3-BF4B-00C04F79EFBC}") = "SocialNetworkingWebsite", "SocialNetworkingWebsite\SocialNetworkingWebsite.csproj", "{89DF2701-B7C3-4BD1-8ACB-FB75693E8642}"
EndProject
Global
	GlobalSection(SolutionConfigurationPlatforms) = preSolution
		Debug|Any CPU = Debug|Any CPU
		Release|Any CPU = Release|Any CPU
	EndGlobalSection
	GlobalSection(ProjectConfigurationPlatforms) = postSolution
		{89DF2701-B7C3-4BD1-8ACB-FB75693E8642}.Debug|Any CPU.ActiveCfg = Debug|Any CPU
		{89DF2701-B7C3-4BD1-8ACB-FB75693E8642}.Debug|Any CPU.Build.0 = Debug|Any CPU
		{89DF2701-B7C3-4BD1-8ACB-FB75693E8642}.Release|Any CPU.ActiveCfg = Release|Any CPU
		{89DF2701-B7C3-4BD1-8ACB-FB75693E8642}.Release|Any CPU.Build.0 = Release|Any CPU
	EndGlobalSection
	GlobalSection(SolutionProperties) = preSolution
		HideSolutionNode = FALSE
	EndGlobalSection
	GlobalSection(ExtensibilityGlobals) = postSolution
		SolutionGuid = {76939C8D-3188-4E13-9C4C-FF1A93F1BB4A}
	EndGlobalSection
EndGlobal
